// !$*UTF8*$!
{
	archiveVersion = 1;
	classes = {
	};
	objectVersion = 50;
	objects = {

/* Begin PBXBuildFile section */
		BA74FBC82280090D000ADD2B /* AppDelegate.swift in Sources */ = {isa = PBXBuildFile; fileRef = BA74FBC72280090D000ADD2B /* AppDelegate.swift */; };
		BA74FBCA2280090D000ADD2B /* ViewController.swift in Sources */ = {isa = PBXBuildFile; fileRef = BA74FBC92280090D000ADD2B /* ViewController.swift */; };
		BA74FBCD2280090D000ADD2B /* Main.storyboard in Resources */ = {isa = PBXBuildFile; fileRef = BA74FBCB2280090D000ADD2B /* Main.storyboard */; };
		BA74FBD02280090D000ADD2B /* SalaryCalculation.xcdatamodeld in Sources */ = {isa = PBXBuildFile; fileRef = BA74FBCE2280090D000ADD2B /* SalaryCalculation.xcdatamodeld */; };
		BA74FBD22280090E000ADD2B /* Assets.xcassets in Resources */ = {isa = PBXBuildFile; fileRef = BA74FBD12280090E000ADD2B /* Assets.xcassets */; };
		BA74FBD52280090E000ADD2B /* LaunchScreen.storyboard in Resources */ = {isa = PBXBuildFile; fileRef = BA74FBD32280090E000ADD2B /* LaunchScreen.storyboard */; };
		BA74FBDD22800934000ADD2B /* Person.swift in Sources */ = {isa = PBXBuildFile; fileRef = BA74FBDC22800934000ADD2B /* Person.swift */; };
		BA74FBDF22800AB4000ADD2B /* Manager.swift in Sources */ = {isa = PBXBuildFile; fileRef = BA74FBDE22800AB4000ADD2B /* Manager.swift */; };
		BA74FBE122800C1D000ADD2B /* Employee.swift in Sources */ = {isa = PBXBuildFile; fileRef = BA74FBE022800C1D000ADD2B /* Employee.swift */; };
/* End PBXBuildFile section */

/* Begin PBXFileReference section */
		BA74FBC42280090D000ADD2B /* SalaryCalculation.app */ = {isa = PBXFileReference; explicitFileType = wrapper.application; includeInIndex = 0; path = SalaryCalculation.app; sourceTree = BUILT_PRODUCTS_DIR; };
		BA74FBC72280090D000ADD2B /* AppDelegate.swift */ = {isa = PBXFileReference; lastKnownFileType = sourcecode.swift; path = AppDelegate.swift; sourceTree = "<group>"; };
		BA74FBC92280090D000ADD2B /* ViewController.swift */ = {isa = PBXFileReference; lastKnownFileType = sourcecode.swift; path = ViewController.swift; sourceTree = "<group>"; };
		BA74FBCC2280090D000ADD2B /* Base */ = {isa = PBXFileReference; lastKnownFileType = file.storyboard; name = Base; path = Base.lproj/Main.storyboard; sourceTree = "<group>"; };
		BA74FBCF2280090D000ADD2B /* SalaryCalculation.xcdatamodel */ = {isa = PBXFileReference; lastKnownFileType = wrapper.xcdatamodel; path = SalaryCalculation.xcdatamodel; sourceTree = "<group>"; };
		BA74FBD12280090E000ADD2B /* Assets.xcassets */ = {isa = PBXFileReference; lastKnownFileType = folder.assetcatalog; path = Assets.xcassets; sourceTree = "<group>"; };
		BA74FBD42280090E000ADD2B /* Base */ = {isa = PBXFileReference; lastKnownFileType = file.storyboard; name = Base; path = Base.lproj/LaunchScreen.storyboard; sourceTree = "<group>"; };
		BA74FBD62280090E000ADD2B /* Info.plist */ = {isa = PBXFileReference; lastKnownFileType = text.plist.xml; path = Info.plist; sourceTree = "<group>"; };
		BA74FBDC22800934000ADD2B /* Person.swift */ = {isa = PBXFileReference; lastKnownFileType = sourcecode.swift; path = Person.swift; sourceTree = "<group>"; };
		BA74FBDE22800AB4000ADD2B /* Manager.swift */ = {isa = PBXFileReference; lastKnownFileType = sourcecode.swift; path = Manager.swift; sourceTree = "<group>"; };
		BA74FBE022800C1D000ADD2B /* Employee.swift */ = {isa = PBXFileReference; lastKnownFileType = sourcecode.swift; path = Employee.swift; sourceTree = "<group>"; };
/* End PBXFileReference section */

/* Begin PBXFrameworksBuildPhase section */
		BA74FBC12280090D000ADD2B /* Frameworks */ = {
			isa = PBXFrameworksBuildPhase;
			buildActionMask = 2147483647;
			files = (
			);
			runOnlyForDeploymentPostprocessing = 0;
		};
/* End PBXFrameworksBuildPhase section */

/* Begin PBXGroup section */
		BA74FBBB2280090D000ADD2B = {
			isa = PBXGroup;
			children = (
				BA74FBC62280090D000ADD2B /* SalaryCalculation */,
				BA74FBC52280090D000ADD2B /* Products */,
			);
			sourceTree = "<group>";
		};
		BA74FBC52280090D000ADD2B /* Products */ = {
			isa = PBXGroup;
			children = (
				BA74FBC42280090D000ADD2B /* SalaryCalculation.app */,
			);
			name = Products;
			sourceTree = "<group>";
		};
		BA74FBC62280090D000ADD2B /* SalaryCalculation */ = {
			isa = PBXGroup;
			children = (
				BA74FBC72280090D000ADD2B /* AppDelegate.swift */,
				BA74FBC92280090D000ADD2B /* ViewController.swift */,
				BA74FBCB2280090D000ADD2B /* Main.storyboard */,
				BA74FBD12280090E000ADD2B /* Assets.xcassets */,
				BA74FBD32280090E000ADD2B /* LaunchScreen.storyboard */,
				BA74FBD62280090E000ADD2B /* Info.plist */,
				BA74FBCE2280090D000ADD2B /* SalaryCalculation.xcdatamodeld */,
				BA74FBDC22800934000ADD2B /* Person.swift */,
				BA74FBDE22800AB4000ADD2B /* Manager.swift */,
				BA74FBE022800C1D000ADD2B /* Employee.swift */,
			);
			path = SalaryCalculation;
			sourceTree = "<group>";
		};
/* End PBXGroup section */

/* Begin PBXNativeTarget section */
		BA74FBC32280090D000ADD2B /* SalaryCalculation */ = {
			isa = PBXNativeTarget;
			buildConfigurationList = BA74FBD92280090E000ADD2B /* Build configuration list for PBXNativeTarget "SalaryCalculation" */;
			buildPhases = (
				BA74FBC02280090D000ADD2B /* Sources */,
				BA74FBC12280090D000ADD2B /* Frameworks */,
				BA74FBC22280090D000ADD2B /* Resources */,
			);
			buildRules = (
			);
			dependencies = (
			);
			name = SalaryCalculation;
			productName = SalaryCalculation;
			productReference = BA74FBC42280090D000ADD2B /* SalaryCalculation.app */;
			productType = "com.apple.product-type.application";
		};
/* End PBXNativeTarget section */

/* Begin PBXProject section */
		BA74FBBC2280090D000ADD2B /* Project object */ = {
			isa = PBXProject;
			attributes = {
				LastSwiftUpdateCheck = 0930;
				LastUpgradeCheck = 0930;
				ORGANIZATIONNAME = iti;
				TargetAttributes = {
					BA74FBC32280090D000ADD2B = {
						CreatedOnToolsVersion = 9.3;
					};
				};
			};
			buildConfigurationList = BA74FBBF2280090D000ADD2B /* Build configuration list for PBXProject "SalaryCalculation" */;
			compatibilityVersion = "Xcode 9.3";
			developmentRegion = en;
			hasScannedForEncodings = 0;
			knownRegions = (
				en,
				Base,
			);
			mainGroup = BA74FBBB2280090D000ADD2B;
			productRefGroup = BA74FBC52280090D000ADD2B /* Products */;
			projectDirPath = "";
			projectRoot = "";
			targets = (
				BA74FBC32280090D000ADD2B /* SalaryCalculation */,
			);
		};
/* End PBXProject section */

/* Begin PBXResourcesBuildPhase section */
		BA74FBC22280090D000ADD2B /* Resources */ = {
			isa = PBXResourcesBuildPhase;
			buildActionMask = 2147483647;
			files = (
				BA74FBD52280090E000ADD2B /* LaunchScreen.storyboard in Resources */,
				BA74FBD22280090E000ADD2B /* Assets.xcassets in Resources */,
				BA74FBCD2280090D000ADD2B /* Main.storyboard in Resources */,
			);
			runOnlyForDeploymentPostprocessing = 0;
		};
/* End PBXResourcesBuildPhase section */

/* Begin PBXSourcesBuildPhase section */
		BA74FBC02280090D000ADD2B /* Sources */ = {
			isa = PBXSourcesBuildPhase;
			buildActionMask = 2147483647;
			files = (
				BA74FBCA2280090D000ADD2B /* ViewController.swift in Sources */,
				BA74FBE122800C1D000ADD2B /* Employee.swift in Sources */,
				BA74FBD02280090D000ADD2B /* SalaryCalculation.xcdatamodeld in Sources */,
				BA74FBDD22800934000ADD2B /* Person.swift in Sources */,
				BA74FBC82280090D000ADD2B /* AppDelegate.swift in Sources */,
				BA74FBDF22800AB4000ADD2B /* Manager.swift in Sources */,
			);
			runOnlyForDeploymentPostprocessing = 0;
		};
/* End PBXSourcesBuildPhase section */

/* Begin PBXVariantGroup section */
		BA74FBCB2280090D000ADD2B /* Main.storyboard */ = {
			isa = PBXVariantGroup;
			children = (
				BA74FBCC2280090D000ADD2B /* Base */,
			);
			name = Main.storyboard;
			sourceTree = "<group>";
		};
		BA74FBD32280090E000ADD2B /* LaunchScreen.storyboard */ = {
			isa = PBXVariantGroup;
			children = (
				BA74FBD42280090E000ADD2B /* Base */,
			);
			name = LaunchScreen.storyboard;
			sourceTree = "<group>";
		};
/* End PBXVariantGroup section */

/* Begin XCBuildConfiguration section */
		BA74FBD72280090E000ADD2B /* Debug */ = {
			isa = XCBuildConfiguration;
			buildSettings = {
				ALWAYS_SEARCH_USER_PATHS = NO;
				CLANG_ANALYZER_NONNULL = YES;
				CLANG_ANALYZER_NUMBER_OBJECT_CONVERSION = YES_AGGRESSIVE;
				CLANG_CXX_LANGUAGE_STANDARD = "gnu++14";
				CLANG_CXX_LIBRARY = "libc++";
				CLANG_ENABLE_MODULES = YES;
				CLANG_ENABLE_OBJC_ARC = YES;
				CLANG_ENABLE_OBJC_WEAK = YES;
				CLANG_WARN_BLOCK_CAPTURE_AUTORELEASING = YES;
				CLANG_WARN_BOOL_CONVERSION = YES;
				CLANG_WARN_COMMA = YES;
				CLANG_WARN_CONSTANT_CONVERSION = YES;
				CLANG_WARN_DEPRECATED_OBJC_IMPLEMENTATIONS = YES;
				CLANG_WARN_DIRECT_OBJC_ISA_USAGE = YES_ERROR;
				CLANG_WARN_DOCUMENTATION_COMMENTS = YES;
				CLANG_WARN_EMPTY_BODY = YES;
				CLANG_WARN_ENUM_CONVERSION = YES;
				CLANG_WARN_INFINITE_RECURSION = YES;
				CLANG_WARN_INT_CONVERSION = YES;
				CLANG_WARN_NON_LITERAL_NULL_CONVERSION = YES;
				CLANG_WARN_OBJC_IMPLICIT_RETAIN_SELF = YES;
				CLANG_WARN_OBJC_LITERAL_CONVERSION = YES;
				CLANG_WARN_OBJC_ROOT_CLASS = YES_ERROR;
				CLANG_WARN_RANGE_LOOP_ANALYSIS = YES;
				CLANG_WARN_STRICT_PROTOTYPES = YES;
				CLANG_WARN_SUSPICIOUS_MOVE = YES;
				CLANG_WARN_UNGUARDED_AVAILABILITY = YES_AGGRESSIVE;
				CLANG_WARN_UNREACHABLE_CODE = YES;
				CLANG_WARN__DUPLICATE_METHOD_MATCH = YES;
				CODE_SIGN_IDENTITY = "iPhone Developer";
				COPY_PHASE_STRIP = NO;
				DEBUG_INFORMATION_FORMAT = dwarf;
				ENABLE_STRICT_OBJC_MSGSEND = YES;
				ENABLE_TESTABILITY = YES;
				GCC_C_LANGUAGE_STANDARD = gnu11;
				GCC_DYNAMIC_NO_PIC = NO;
				GCC_NO_COMMON_BLOCKS = YES;
				GCC_OPTIMIZATION_LEVEL = 0;
				GCC_PREPROCESSOR_DEFINITIONS = (
					"DEBUG=1",
					"$(inherited)",
				);
				GCC_WARN_64_TO_32_BIT_CONVERSION = YES;
				GCC_WARN_ABOUT_RETURN_TYPE = YES_ERROR;
				GCC_WARN_UNDECLARED_SELECTOR = YES;
				GCC_WARN_UNINITIALIZED_AUTOS = YES_AGGRESSIVE;
				GCC_WARN_UNUSED_FUNCTION = YES;
				GCC_WARN_UNUSED_VARIABLE = YES;
				IPHONEOS_DEPLOYMENT_TARGET = 11.3;
				MTL_ENABLE_DEBUG_INFO = YES;
				ONLY_ACTIVE_ARCH = YES;
				SDKROOT = iphoneos;
				SWIFT_ACTIVE_COMPILATION_CONDITIONS = DEBUG;
				SWIFT_OPTIMIZATION_LEVEL = "-Onone";
			};
			name = Debug;
		};
		BA74FBD82280090E000ADD2B /* Release */ = {
			isa = XCBuildConfiguration;
			buildSettings = {
				ALWAYS_SEARCH_USER_PATHS = NO;
				CLANG_ANALYZER_NONNULL = YES;
				CLANG_ANALYZER_NUMBER_OBJECT_CONVERSION = YES_AGGRESSIVE;
				CLANG_CXX_LANGUAGE_STANDARD = "gnu++14";
				CLANG_CXX_LIBRARY = "libc++";
				CLANG_ENABLE_MODULES = YES;
				CLANG_ENABLE_OBJC_ARC = YES;
				CLANG_ENABLE_OBJC_WEAK = YES;
				CLANG_WARN_BLOCK_CAPTURE_AUTORELEASING = YES;
				CLANG_WARN_BOOL_CONVERSION = YES;
				CLANG_WARN_COMMA = YES;
				CLANG_WARN_CONSTANT_CONVERSION = YES;
				CLANG_WARN_DEPRECATED_OBJC_IMPLEMENTATIONS = YES;
				CLANG_WARN_DIRECT_OBJC_ISA_USAGE = YES_ERROR;
				CLANG_WARN_DOCUMENTATION_COMMENTS = YES;
				CLANG_WARN_EMPTY_BODY = YES;
				CLANG_WARN_ENUM_CONVERSION = YES;
				CLANG_WARN_INFINITE_RECURSION = YES;
				CLANG_WARN_INT_CONVERSION = YES;
				CLANG_WARN_NON_LITERAL_NULL_CONVERSION = YES;
				CLANG_WARN_OBJC_IMPLICIT_RETAIN_SELF = YES;
				CLANG_WARN_OBJC_LITERAL_CONVERSION = YES;
				CLANG_WARN_OBJC_ROOT_CLASS = YES_ERROR;
				CLANG_WARN_RANGE_LOOP_ANALYSIS = YES;
				CLANG_WARN_STRICT_PROTOTYPES = YES;
				CLANG_WARN_SUSPICIOUS_MOVE = YES;
				CLANG_WARN_UNGUARDED_AVAILABILITY = YES_AGGRESSIVE;
				CLANG_WARN_UNREACHABLE_CODE = YES;
				CLANG_WARN__DUPLICATE_METHOD_MATCH = YES;
				CODE_SIGN_IDENTITY = "iPhone Developer";
				COPY_PHASE_STRIP = NO;
				DEBUG_INFORMATION_FORMAT = "dwarf-with-dsym";
				ENABLE_NS_ASSERTIONS = NO;
				ENABLE_STRICT_OBJC_MSGSEND = YES;
				GCC_C_LANGUAGE_STANDARD = gnu11;
				GCC_NO_COMMON_BLOCKS = YES;
				GCC_WARN_64_TO_32_BIT_CONVERSION = YES;
				GCC_WARN_ABOUT_RETURN_TYPE = YES_ERROR;
				GCC_WARN_UNDECLARED_SELECTOR = YES;
				GCC_WARN_UNINITIALIZED_AUTOS = YES_AGGRESSIVE;
				GCC_WARN_UNUSED_FUNCTION = YES;
				GCC_WARN_UNUSED_VARIABLE = YES;
				IPHONEOS_DEPLOYMENT_TARGET = 11.3;
				MTL_ENABLE_DEBUG_INFO = NO;
				SDKROOT = iphoneos;
				SWIFT_COMPILATION_MODE = wholemodule;
				SWIFT_OPTIMIZATION_LEVEL = "-O";
				VALIDATE_PRODUCT = YES;
			};
			name = Release;
		};
		BA74FBDA2280090E000ADD2B /* Debug */ = {
			isa = XCBuildConfiguration;
			buildSettings = {
				ASSETCATALOG_COMPILER_APPICON_NAME = AppIcon;
				CODE_SIGN_STYLE = Automatic;
				INFOPLIST_FILE = SalaryCalculation/Info.plist;
				LD_RUNPATH_SEARCH_PATHS = (
					"$(inherited)",
					"@executable_path/Frameworks",
				);
				PRODUCT_BUNDLE_IDENTIFIER = com.ep.SalaryCalculation;
				PRODUCT_NAME = "$(TARGET_NAME)";
				SWIFT_VERSION = 4.0;
				TARGETED_DEVICE_FAMILY = "1,2";
			};
			name = Debug;
		};
		BA74FBDB2280090E000ADD2B /* Release */ = {
			isa = XCBuildConfiguration;
			buildSettings = {
				ASSETCATALOG_COMPILER_APPICON_NAME = AppIcon;
				CODE_SIGN_STYLE = Automatic;
				INFOPLIST_FILE = SalaryCalculation/Info.plist;
				LD_RUNPATH_SEARCH_PATHS = (
					"$(inherited)",
					"@executable_path/Frameworks",
				);
				PRODUCT_BUNDLE_IDENTIFIER = com.ep.SalaryCalculation;
				PRODUCT_NAME = "$(TARGET_NAME)";
				SWIFT_VERSION = 4.0;
				TARGETED_DEVICE_FAMILY = "1,2";
			};
			name = Release;
		};
/* End XCBuildConfiguration section */

/* Begin XCConfigurationList section */
		BA74FBBF2280090D000ADD2B /* Build configuration list for PBXProject "SalaryCalculation" */ = {
			isa = XCConfigurationList;
			buildConfigurations = (
				BA74FBD72280090E000ADD2B /* Debug */,
				BA74FBD82280090E000ADD2B /* Release */,
			);
			defaultConfigurationIsVisible = 0;
			defaultConfigurationName = Release;
		};
		BA74FBD92280090E000ADD2B /* Build configuration list for PBXNativeTarget "SalaryCalculation" */ = {
			isa = XCConfigurationList;
			buildConfigurations = (
				BA74FBDA2280090E000ADD2B /* Debug */,
				BA74FBDB2280090E000ADD2B /* Release */,
			);
			defaultConfigurationIsVisible = 0;
			defaultConfigurationName = Release;
		};
/* End XCConfigurationList section */

/* Begin XCVersionGroup section */
		BA74FBCE2280090D000ADD2B /* SalaryCalculation.xcdatamodeld */ = {
			isa = XCVersionGroup;
			children = (
				BA74FBCF2280090D000ADD2B /* SalaryCalculation.xcdatamodel */,
			);
			currentVersion = BA74FBCF2280090D000ADD2B /* SalaryCalculation.xcdatamodel */;
			path = SalaryCalculation.xcdatamodeld;
			sourceTree = "<group>";
			versionGroupType = wrapper.xcdatamodel;
		};
/* End XCVersionGroup section */
	};
	rootObject = BA74FBBC2280090D000ADD2B /* Project object */;
}
